{
  "version": "5",
  "redirects": {
    "https://esm.sh/@clerk/backend/webhooks": "https://esm.sh/@clerk/backend@3.16.13/webhooks",
    "https://esm.sh/@clerk/shared@^4.30.2/deprecated?target=denonext": "https://esm.sh/@clerk/shared@4.30.2/deprecated?target=denonext",
    "https://esm.sh/@clerk/shared@^4.30.2/error?target=denonext": "https://esm.sh/@clerk/shared@4.30.2/error?target=denonext",
    "https://esm.sh/@clerk/shared@^4.30.2/getEnvVariable?target=denonext": "https://esm.sh/@clerk/shared@4.30.2/getEnvVariable?target=denonext",
    "https://esm.sh/@clerk/shared@^4.30.2/keys?target=denonext": "https://esm.sh/@clerk/shared@4.30.2/keys?target=denonext",
    "https://esm.sh/@clerk/shared@^4.30.2/retry?target=denonext": "https://esm.sh/@clerk/shared@4.30.2/retry?target=denonext",
    "https://esm.sh/@clerk/shared@^4.30.2/url?target=denonext": "https://esm.sh/@clerk/shared@4.30.2/url?target=denonext",
    "https://esm.sh/@stablelib/base64@^1.0.0?target=denonext": "https://esm.sh/@stablelib/base64@1.0.1?target=denonext",
    "https://esm.sh/@supabase/supabase-js@2": "https://esm.sh/@supabase/supabase-js@2.112.4",
    "https://esm.sh/fast-sha256@^1.3.0?target=denonext": "https://esm.sh/fast-sha256@1.3.0?target=denonext",
    "https://esm.sh/iceberg-js@^0.8.1?target=denonext": "https://esm.sh/iceberg-js@0.8.1?target=denonext",
    "https://esm.sh/standardwebhooks@^1.0.0?target=denonext": "https://esm.sh/standardwebhooks@1.1.1?target=denonext"
  },
  "remote": {
    "https://deno.land/std@0.177.0/async/abortable.ts": "73acfb3ed7261ce0d930dbe89e43db8d34e017b063cf0eaa7d215477bf53442e",
    "https://deno.land/std@0.177.0/async/deadline.ts": "c5facb0b404eede83e38bd2717ea8ab34faa2ffb20ef87fd261fcba32ba307aa",
    "https://deno.land/std@0.177.0/async/debounce.ts": "adab11d04ca38d699444ac8a9d9856b4155e8dda2afd07ce78276c01ea5a4332",
    "https://deno.land/std@0.177.0/async/deferred.ts": "42790112f36a75a57db4a96d33974a936deb7b04d25c6084a9fa8a49f135def8",
    "https://deno.land/std@0.177.0/async/delay.ts": "73aa04cec034c84fc748c7be49bb15cac3dd43a57174bfdb7a4aec22c248f0dd",
    "https://deno.land/std@0.177.0/async/mod.ts": "f04344fa21738e5ad6bea37a6bfffd57c617c2d372bb9f9dcfd118a1b622e576",
    "https://deno.land/std@0.177.0/async/mux_async_iterator.ts": "70c7f2ee4e9466161350473ad61cac0b9f115cff4c552eaa7ef9d50c4cbb4cc9",
    "https://deno.land/std@0.177.0/async/pool.ts": "fd082bd4aaf26445909889435a5c74334c017847842ec035739b4ae637ae8260",
    "https://deno.land/std@0.177.0/async/retry.ts": "5efa3ba450ac0c07a40a82e2df296287b5013755d232049efd7ea2244f15b20f",
    "https://deno.land/std@0.177.0/async/tee.ts": "47e42d35f622650b02234d43803d0383a89eb4387e1b83b5a40106d18ae36757",
    "https://deno.land/std@0.177.0/http/server.ts": "cbb17b594651215ba95c01a395700684e569c165a567e4e04bba327f41197433",
    "https://esm.sh/@clerk/backend@3.16.13/denonext/dist/chunk-TOROEX6P.mjs": "9ebce7b5633ba2dd588ae803107f2248ea4a962fbcd0e260d375a070b8ed67b2",
    "https://esm.sh/@clerk/backend@3.16.13/denonext/dist/chunk-YBVFDYDR.mjs": "e9f90470181c54ac0b489ee794a06165acb7ba36dbde7131e23f7e49283533ad",
    "https://esm.sh/@clerk/backend@3.16.13/denonext/webhooks.mjs": "0f140f7b3d08f15361d880b4e69a53937494405a254847d671cf73a16796b482",
    "https://esm.sh/@clerk/backend@3.16.13/webhooks": "8b2c256f117986e8e6abd83275cd0183f3abccf82a3fbbe718d2e5cfc0c481ce",
    "https://esm.sh/@clerk/shared@4.30.2/denonext/deprecated.mjs": "7af916eb54ff884992b898d20c7c39f07c708cd4ad05813c4015b59e469ffee9",
    "https://esm.sh/@clerk/shared@4.30.2/denonext/dist/_chunks/runtimeEnvironment-CTVGzENl.mjs": "11745aa38e177bbbe18e70c94a1d938d399c27f62eed9686bcf26a392d84ccce",
    "https://esm.sh/@clerk/shared@4.30.2/denonext/error.mjs": "5e6d14fcd263ec62d5e2dd92c45d1917da866792e962b03deff807fe90a06ca1",
    "https://esm.sh/@clerk/shared@4.30.2/denonext/getEnvVariable.mjs": "8749758deaa0126f63cd681166581904c56124a32a6fbf53401072bbcb05c412",
    "https://esm.sh/@clerk/shared@4.30.2/denonext/keys.mjs": "047ecd2e9e872026f13728169cfc9577c4815f5536d1141453c86118496d44d0",
    "https://esm.sh/@clerk/shared@4.30.2/denonext/retry.mjs": "38e069b7d69efa0cd2d69636c05c8ed1ceb2a12aa6be52d0341a7ec66a2c1cba",
    "https://esm.sh/@clerk/shared@4.30.2/denonext/url.mjs": "09f456fdd25bea49be6b99ef8a03f94b0810f48a9acff4f90752553ccd254acb",
    "https://esm.sh/@clerk/shared@4.30.2/deprecated?target=denonext": "4454abcd2437de83ce41e1eb733d5298171d97ca6d7b41e61af5332e168209cc",
    "https://esm.sh/@clerk/shared@4.30.2/error?target=denonext": "cf1fb7f4ab62032482c4d270b233abfd8dbb96782af458c6c879068c3a9f1d29",
    "https://esm.sh/@clerk/shared@4.30.2/getEnvVariable?target=denonext": "3f8e8161dee907a60f1965e2c8edbe9044d34075a2cbe7cfea09441340746dae",
    "https://esm.sh/@clerk/shared@4.30.2/keys?target=denonext": "dcdcd56181fd1765f89bdcd36cdc82192d02af0443c730ad5499ce5bc9df348c",
    "https://esm.sh/@clerk/shared@4.30.2/retry?target=denonext": "9f4a9fb8a519c8c047d3d2acec5ee44202ad2b74ae07db5f89843428acae6af7",
    "https://esm.sh/@clerk/shared@4.30.2/url?target=denonext": "c3a6b2fb35fe9c0b19bebd458353cedb7a4ba0a1279b223fab01db5493e43e70",
    "https://esm.sh/@stablelib/base64@1.0.1/denonext/base64.mjs": "34390feb4ceca61c968c8b802f0da0c3e47b55979dfcad2f0b19724264b026ee",
    "https://esm.sh/@stablelib/base64@1.0.1?target=denonext": "d6a21d947314ef3a453f3e0dc95c17b7c5d4ca4a29937f10eea783360a736c51",
    "https://esm.sh/@supabase/auth-js@2.112.4/denonext/auth-js.mjs": "a09114a59025b506dbf553a5625f42885c3460f8b0b5ac504ac8b3c855c3738a",
    "https://esm.sh/@supabase/functions-js@2.112.4/denonext/functions-js.mjs": "7338cd7ea295b160f183d05c868a0a03a627da83e0020b1239c8060f8eb72016",
    "https://esm.sh/@supabase/phoenix@0.4.5/denonext/phoenix.mjs": "40bd2a70829cd847848baac58e635bacd83fd62188f6624b44e2c295341004eb",
    "https://esm.sh/@supabase/postgrest-js@2.112.4/denonext/postgrest-js.mjs": "118f21211152b92a447e7fe096910ca592b314e464e6db2967940a3aceef6080",
    "https://esm.sh/@supabase/realtime-js@2.112.4/denonext/realtime-js.mjs": "35ec14d7e745569f5e5d2f8d3f8b4bb3861cd01b13ed651a6bcc871f7f8a2e15",
    "https://esm.sh/@supabase/storage-js@2.112.4/denonext/storage-js.mjs": "c2422fc663c9208e1ba0df1bf49c6d19b2b50a027e332972ad25b98aeec62a74",
    "https://esm.sh/@supabase/supabase-js@2.112.4": "cfaa762b66cf8717f1b32db2699c4277aa673b39417cb9be9c0b19d9c7786bd7",
    "https://esm.sh/@supabase/supabase-js@2.112.4/denonext/dist/tracingRegistry.mjs": "5e731d740fa79ee5ba3de3ef51dfa195c27d9df43df2b9e18aedd54870189040",
    "https://esm.sh/@supabase/supabase-js@2.112.4/denonext/supabase-js.mjs": "06024f647b6a1349b5ea24a62f85e8a83c2d157b16a4a8b6a28969d9c8885010",
    "https://esm.sh/fast-sha256@1.3.0/denonext/fast-sha256.mjs": "bcf37227dddce83918628de1aed52ce77d8211499b3ad06c019cc77e0322c0b2",
    "https://esm.sh/fast-sha256@1.3.0?target=denonext": "e1af1f94f63902ce191180a8ede5eda744b74f6abb885dae5f8b1fd9e13c8575",
    "https://esm.sh/iceberg-js@0.8.1/denonext/iceberg-js.mjs": "d839d81a2e3966500ca2cdd0c1cb458e9608bacfc91f7bb67a69b2e878dcdb4f",
    "https://esm.sh/iceberg-js@0.8.1?target=denonext": "58c849d7fe2bf4eca4a84eb501e83c161a7d8c34ca1bec15a962b3bec3062633",
    "https://esm.sh/standardwebhooks@1.1.1/denonext/standardwebhooks.mjs": "f13572e284a661b139235d75392d669b65acba5e64fcc53bc28337d9dac5ede0",
    "https://esm.sh/standardwebhooks@1.1.1?target=denonext": "d20024cfe358c94cf6915b06314d70a43b10cb62270579a0cd82da406272def5",
    "https://esm.sh/tslib@2.8.1/denonext/tslib.mjs": "c38da5dd6da6281964435002ce204cd586634fe3bdfb24a0ee116f48cf3292e9"
  },
  "workspace": {
    "packageJson": {
      "dependencies": [
        "npm:@base-ui/react@^1.4.1",
        "npm:@clerk/backend@^3.7.0",
        "npm:@clerk/clerk-react@^5.61.8",
        "npm:@clerk/ui@1.31.0",
        "npm:@fontsource-variable/geist@^5.2.9",
        "npm:@fontsource/dm-serif-display@^5.2.8",
        "npm:@google/genai@^1.29.0",
        "npm:@playwright/test@^1.61.1",
        "npm:@supabase/supabase-js@^2.106.2",
        "npm:@tailwindcss/vite@^4.1.14",
        "npm:@testing-library/jest-dom@^6.9.1",
        "npm:@testing-library/react@^16.3.2",
        "npm:@types/node@^22.14.0",
        "npm:@vitejs/plugin-react@^5.0.4",
        "npm:autoprefixer@^10.4.21",
        "npm:class-variance-authority@~0.7.1",
        "npm:clsx@^2.1.1",
        "npm:date-fns@^4.1.0",
        "npm:dotenv@^17.2.3",
        "npm:esbuild@0.25",
        "npm:jsdom@^29.1.1",
        "npm:jspdf-autotable@^5.0.7",
        "npm:jspdf@^4.2.1",
        "npm:lucide-react@0.546",
        "npm:motion@^12.38.0",
        "npm:msw@^2.14.6",
        "npm:react-dom@^19.0.1",
        "npm:react-markdown@^10.1.0",
        "npm:react-router@^7.18.2",
        "npm:react@^19.0.1",
        "npm:shadcn@^4.7.0",
        "npm:tailwind-merge@^3.6.0",
        "npm:tailwindcss@^4.1.14",
        "npm:tsx@^4.21.0",
        "npm:tw-animate-css@^1.4.0",
        "npm:typescript@~5.8.2",
        "npm:vite@^6.2.3",
        "npm:vitest@^4.1.9",
        "npm:zustand@^5.0.13"
      ],
      "overrides": {
        "tar": ">=7.5.19",
        "js-yaml": ">=4.3.0",
        "fast-uri": ">=3.1.4",
        "brace-expansion": ">=5.0.7",
        "ajv": ">=8.18.0"
      }
    }
  }
}
